{
  "name": "zsxq_test",
  "version": "1.0.0",
  "lockfileVersion": 3,
  "requires": true,
  "packages": {
    "": {
      "name": "zsxq_test",
      "version": "1.0.0",
      "license": "ISC",
      "dependencies": {
        "playwright": "^1.61.1",
        "zsxq-cli": "^0.4.9"
      }
    },
    "node_modules/@zsxq/cli-darwin-arm64": {
      "version": "0.4.9",
      "resolved": "https://registry.npmjs.org/@zsxq/cli-darwin-arm64/-/cli-darwin-arm64-0.4.9.tgz",
      "integrity": "sha512-xL7i47uNd8Tgmj/r72l2x8LpZYNUxLziusqyrJhYNVSf4uI1Gs8AuLdg5pvLerrvf9Mgboanw5HS115AJJv1dg==",
      "cpu": [
        "arm64"
      ],
      "license": "Apache-2.0",
      "optional": true,
      "os": [
        "darwin"
      ],
      "bin": {
        "zsxq-cli": "bin/zsxq-cli"
      }
    },
    "node_modules/@zsxq/cli-darwin-x64": {
      "version": "0.4.9",
      "resolved": "https://registry.npmjs.org/@zsxq/cli-darwin-x64/-/cli-darwin-x64-0.4.9.tgz",
      "integrity": "sha512-pqrx6R8w+JcxTvbQD9sT03oyX3SpveusTgoojPtbbj9JUVu3xk6YCK83CZG0oeCGu+g58DyeBMdfOB5/ZYc+Dg==",
      "cpu": [
        "x64"
      ],
      "license": "Apache-2.0",
      "optional": true,
      "os": [
        "darwin"
      ],
      "bin": {
        "zsxq-cli": "bin/zsxq-cli"
      }
    },
    "node_modules/@zsxq/cli-linux-arm64": {
      "version": "0.4.9",
      "resolved": "https://registry.npmjs.org/@zsxq/cli-linux-arm64/-/cli-linux-arm64-0.4.9.tgz",
      "integrity": "sha512-kAUGM1Hv5CqQZBAyoTAzGwtPMP50XhWLJhDYLmLq4TQ9SybVBwcXsDredJSGOUvlpNGE+tLoOfgOIqNce8NXTQ==",
      "cpu": [
        "arm64"
      ],
      "license": "Apache-2.0",
      "optional": true,
      "os": [
        "linux"
      ],
      "bin": {
        "zsxq-cli": "bin/zsxq-cli"
      }
    },
    "node_modules/@zsxq/cli-linux-x64": {
      "version": "0.4.9",
      "resolved": "https://registry.npmjs.org/@zsxq/cli-linux-x64/-/cli-linux-x64-0.4.9.tgz",
      "integrity": "sha512-I3fci9ma3ZuvUCHTZmmASiUDkREnGzFUl5zgsTUojcM5VjtjeiDa7Rop6kWkjAtI2oQKFj63X45HfDNtogG+fg==",
      "cpu": [
        "x64"
      ],
      "license": "Apache-2.0",
      "optional": true,
      "os": [
        "linux"
      ],
      "bin": {
        "zsxq-cli": "bin/zsxq-cli"
      }
    },
    "node_modules/@zsxq/cli-win32-arm64": {
      "version": "0.4.9",
      "resolved": "https://registry.npmjs.org/@zsxq/cli-win32-arm64/-/cli-win32-arm64-0.4.9.tgz",
      "integrity": "sha512-4/JHjtInQiofCx+V7HnLoARQo4YU6vebJg+52zLQa3m6JjBKGmtRFjsM1pAzlFuuAvVYcyMB7tXiUTTQ35rX9Q==",
      "cpu": [
        "arm64"
      ],
      "license": "Apache-2.0",
      "optional": true,
      "os": [
        "win32"
      ],
      "bin": {
        "zsxq-cli": "bin/zsxq-cli.exe"
      }
    },
    "node_modules/@zsxq/cli-win32-x64": {
      "version": "0.4.9",
      "resolved": "https://registry.npmjs.org/@zsxq/cli-win32-x64/-/cli-win32-x64-0.4.9.tgz",
      "integrity": "sha512-64K1w8bQ2qhpTkVXJ3EFJazifo6PlUnAyLVNyAm3hfW3/CaSlSbzHvyPYHGU4qq/N00hvTsrbenJKuzepe345A==",
      "cpu": [
        "x64"
      ],
      "license": "Apache-2.0",
      "optional": true,
      "os": [
        "win32"
      ],
      "bin": {
        "zsxq-cli": "bin/zsxq-cli.exe"
      }
    },
    "node_modules/fsevents": {
      "version": "2.3.2",
      "resolved": "https://registry.npmjs.org/fsevents/-/fsevents-2.3.2.tgz",
      "integrity": "sha512-xiqMQR4xAeHTuB9uWm+fFRcIOgKBMiOBP+eXiyT7jsgVCq1bkVygt00oASowB7EdtpOHaaPgKt812P9ab+DDKA==",
      "hasInstallScript": true,
      "license": "MIT",
      "optional": true,
      "os": [
        "darwin"
      ],
      "engines": {
        "node": "^8.16.0 || ^10.6.0 || >=11.0.0"
      }
    },
    "node_modules/playwright": {
      "version": "1.61.1",
      "resolved": "https://registry.npmjs.org/playwright/-/playwright-1.61.1.tgz",
      "integrity": "sha512-DWnY5o3YbLWK4GovuAVwpqL+1VwGNdUGrRr++8j8PtQQzvAVZUIMjKQ90fY689sEJZJBbZVw1rXaOKSTitkzPQ==",
      "license": "Apache-2.0",
      "dependencies": {
        "playwright-core": "1.61.1"
      },
      "bin": {
        "playwright": "cli.js"
      },
      "engines": {
        "node": ">=18"
      },
      "optionalDependencies": {
        "fsevents": "2.3.2"
      }
    },
    "node_modules/playwright-core": {
      "version": "1.61.1",
      "resolved": "https://registry.npmjs.org/playwright-core/-/playwright-core-1.61.1.tgz",
      "integrity": "sha512-h7Qlt6m4REp25qvIdvbDtVmD4LqVXfpRxhORv9L0jzETM05p4fuPJ3dKyuSXQxDSbXnmS79HAgi9589lGSpLkg==",
      "license": "Apache-2.0",
      "bin": {
        "playwright-core": "cli.js"
      },
      "engines": {
        "node": ">=18"
      }
    },
    "node_modules/zsxq-cli": {
      "version": "0.4.9",
      "resolved": "https://registry.npmjs.org/zsxq-cli/-/zsxq-cli-0.4.9.tgz",
      "integrity": "sha512-2a5JKvD9BVaKsOpmfPmez6BP8b8ilO+plvsU2HQEqdCJogp7Dogh77vvHfC4JpFzk3RfjCl2P/yi+2jfXPF/2Q==",
      "cpu": [
        "x64",
        "arm64"
      ],
      "license": "Apache-2.0",
      "os": [
        "darwin",
        "linux",
        "win32"
      ],
      "bin": {
        "zsxq-cli": "npm/scripts/zsxq-cli.js"
      },
      "engines": {
        "node": ">=16"
      },
      "optionalDependencies": {
        "@zsxq/cli-darwin-arm64": "0.4.9",
        "@zsxq/cli-darwin-x64": "0.4.9",
        "@zsxq/cli-linux-arm64": "0.4.9",
        "@zsxq/cli-linux-x64": "0.4.9",
        "@zsxq/cli-win32-arm64": "0.4.9",
        "@zsxq/cli-win32-x64": "0.4.9"
      }
    }
  }
}
